// !$*UTF8*$!
{
	archiveVersion = 1;
	classes = {
	};
	objectVersion = 46;
	objects = {

/* Begin PBXBuildFile section */
		17422A1319A571C500362A5B /* AppDelegate.swift in Sources */ = {isa = PBXBuildFile; fileRef = 17422A1219A571C500362A5B /* AppDelegate.swift */; };
		17422A1619A571C500362A5B /* VODDOG_IOS_APP.xcdatamodeld in Sources */ = {isa = PBXBuildFile; fileRef = 17422A1419A571C500362A5B /* VODDOG_IOS_APP.xcdatamodeld */; };
		17422A1819A571C500362A5B /* MasterViewController.swift in Sources */ = {isa = PBXBuildFile; fileRef = 17422A1719A571C500362A5B /* MasterViewController.swift */; };
		17422A1A19A571C500362A5B /* DetailViewController.swift in Sources */ = {isa = PBXBuildFile; fileRef = 17422A1919A571C500362A5B /* DetailViewController.swift */; };
		17422A1D19A571C500362A5B /* Main.storyboard in Resources */ = {isa = PBXBuildFile; fileRef = 17422A1B19A571C500362A5B /* Main.storyboard */; };
		17422A1F19A571C500362A5B /* Images.xcassets in Resources */ = {isa = PBXBuildFile; fileRef = 17422A1E19A571C500362A5B /* Images.xcassets */; };
		17422A2B19A571C500362A5B /* VODDOG_IOS_APPTests.swift in Sources */ = {isa = PBXBuildFile; fileRef = 17422A2A19A571C500362A5B /* VODDOG_IOS_APPTests.swift */; };
/* End PBXBuildFile section */

/* Begin PBXContainerItemProxy section */
		17422A2519A571C500362A5B /* PBXContainerItemProxy */ = {
			isa = PBXContainerItemProxy;
			containerPortal = 17422A0519A571C500362A5B /* Project object */;
			proxyType = 1;
			remoteGlobalIDString = 17422A0C19A571C500362A5B;
			remoteInfo = "VODDOG IOS APP";
		};
/* End PBXContainerItemProxy section */

/* Begin PBXFileReference section */
		17422A0D19A571C500362A5B /* VODDOG IOS APP.app */ = {isa = PBXFileReference; explicitFileType = wrapper.application; includeInIndex = 0; path = "VODDOG IOS APP.app"; sourceTree = BUILT_PRODUCTS_DIR; };
		17422A1119A571C500362A5B /* Info.plist */ = {isa = PBXFileReference; lastKnownFileType = text.plist.xml; path = Info.plist; sourceTree = "<group>"; };
		17422A1219A571C500362A5B /* AppDelegate.swift */ = {isa = PBXFileReference; lastKnownFileType = sourcecode.swift; path = AppDelegate.swift; sourceTree = "<group>"; };
		17422A1519A571C500362A5B /* VODDOG_IOS_APP.xcdatamodel */ = {isa = PBXFileReference; lastKnownFileType = wrapper.xcdatamodel; path = VODDOG_IOS_APP.xcdatamodel; sourceTree = "<group>"; };
		17422A1719A571C500362A5B /* MasterViewController.swift */ = {isa = PBXFileReference; lastKnownFileType = sourcecode.swift; path = MasterViewController.swift; sourceTree = "<group>"; };
		17422A1919A571C500362A5B /* DetailViewController.swift */ = {isa = PBXFileReference; lastKnownFileType = sourcecode.swift; path = DetailViewController.swift; sourceTree = "<group>"; };
		17422A1C19A571C500362A5B /* Base */ = {isa = PBXFileReference; lastKnownFileType = file.storyboard; name = Base; path = Base.lproj/Main.storyboard; sourceTree = "<group>"; };
		17422A1E19A571C500362A5B /* Images.xcassets */ = {isa = PBXFileReference; lastKnownFileType = folder.assetcatalog; path = Images.xcassets; sourceTree = "<group>"; };
		17422A2419A571C500362A5B /* VODDOG IOS APPTests.xctest */ = {isa = PBXFileReference; explicitFileType = wrapper.cfbundle; includeInIndex = 0; path = "VODDOG IOS APPTests.xctest"; sourceTree = BUILT_PRODUCTS_DIR; };
		17422A2919A571C500362A5B /* Info.plist */ = {isa = PBXFileReference; lastKnownFileType = text.plist.xml; path = Info.plist; sourceTree = "<group>"; };
		17422A2A19A571C500362A5B /* VODDOG_IOS_APPTests.swift */ = {isa = PBXFileReference; lastKnownFileType = sourcecode.swift; path = VODDOG_IOS_APPTests.swift; sourceTree = "<group>"; };
/* End PBXFileReference section */

/* Begin PBXFrameworksBuildPhase section */
		17422A0A19A571C500362A5B /* Frameworks */ = {
			isa = PBXFrameworksBuildPhase;
			buildActionMask = 2147483647;
			files = (
			);
			runOnlyForDeploymentPostprocessing = 0;
		};
		17422A2119A571C500362A5B /* Frameworks */ = {
			isa = PBXFrameworksBuildPhase;
			buildActionMask = 2147483647;
			files = (
			);
			runOnlyForDeploymentPostprocessing = 0;
		};
/* End PBXFrameworksBuildPhase section */

/* Begin PBXGroup section */
		17422A0419A571C500362A5B = {
			isa = PBXGroup;
			children = (
				17422A0F19A571C500362A5B /* VODDOG IOS APP */,
				17422A2719A571C500362A5B /* VODDOG IOS APPTests */,
				17422A0E19A571C500362A5B /* Products */,
			);
			sourceTree = "<group>";
		};
		17422A0E19A571C500362A5B /* Products */ = {
			isa = PBXGroup;
			children = (
				17422A0D19A571C500362A5B /* VODDOG IOS APP.app */,
				17422A2419A571C500362A5B /* VODDOG IOS APPTests.xctest */,
			);
			name = Products;
			sourceTree = "<group>";
		};
		17422A0F19A571C500362A5B /* VODDOG IOS APP */ = {
			isa = PBXGroup;
			children = (
				17422A1219A571C500362A5B /* AppDelegate.swift */,
				17422A1719A571C500362A5B /* MasterViewController.swift */,
				17422A1919A571C500362A5B /* DetailViewController.swift */,
				17422A1B19A571C500362A5B /* Main.storyboard */,
				17422A1E19A571C500362A5B /* Images.xcassets */,
				17422A1419A571C500362A5B /* VODDOG_IOS_APP.xcdatamodeld */,
				17422A1019A571C500362A5B /* Supporting Files */,
			);
			path = "VODDOG IOS APP";
			sourceTree = "<group>";
		};
		17422A1019A571C500362A5B /* Supporting Files */ = {
			isa = PBXGroup;
			children = (
				17422A1119A571C500362A5B /* Info.plist */,
			);
			name = "Supporting Files";
			sourceTree = "<group>";
		};
		17422A2719A571C500362A5B /* VODDOG IOS APPTests */ = {
			isa = PBXGroup;
			children = (
				17422A2A19A571C500362A5B /* VODDOG_IOS_APPTests.swift */,
				17422A2819A571C500362A5B /* Supporting Files */,
			);
			path = "VODDOG IOS APPTests";
			sourceTree = "<group>";
		};
		17422A2819A571C500362A5B /* Supporting Files */ = {
			isa = PBXGroup;
			children = (
				17422A2919A571C500362A5B /* Info.plist */,
			);
			name = "Supporting Files";
			sourceTree = "<group>";
		};
/* End PBXGroup section */

/* Begin PBXNativeTarget section */
		17422A0C19A571C500362A5B /* VODDOG IOS APP */ = {
			isa = PBXNativeTarget;
			buildConfigurationList = 17422A2E19A571C500362A5B /* Build configuration list for PBXNativeTarget "VODDOG IOS APP" */;
			buildPhases = (
				17422A0919A571C500362A5B /* Sources */,
				17422A0A19A571C500362A5B /* Frameworks */,
				17422A0B19A571C500362A5B /* Resources */,
			);
			buildRules = (
			);
			dependencies = (
			);
			name = "VODDOG IOS APP";
			productName = "VODDOG IOS APP";
			productReference = 17422A0D19A571C500362A5B /* VODDOG IOS APP.app */;
			productType = "com.apple.product-type.application";
		};
		17422A2319A571C500362A5B /* VODDOG IOS APPTests */ = {
			isa = PBXNativeTarget;
			buildConfigurationList = 17422A3119A571C500362A5B /* Build configuration list for PBXNativeTarget "VODDOG IOS APPTests" */;
			buildPhases = (
				17422A2019A571C500362A5B /* Sources */,
				17422A2119A571C500362A5B /* Frameworks */,
				17422A2219A571C500362A5B /* Resources */,
			);
			buildRules = (
			);
			dependencies = (
				17422A2619A571C500362A5B /* PBXTargetDependency */,
			);
			name = "VODDOG IOS APPTests";
			productName = "VODDOG IOS APPTests";
			productReference = 17422A2419A571C500362A5B /* VODDOG IOS APPTests.xctest */;
			productType = "com.apple.product-type.bundle.unit-test";
		};
/* End PBXNativeTarget section */

/* Begin PBXProject section */
		17422A0519A571C500362A5B /* Project object */ = {
			isa = PBXProject;
			attributes = {
				LastUpgradeCheck = 0600;
				ORGANIZATIONNAME = "VODDOG NETWORK,INC";
				TargetAttributes = {
					17422A0C19A571C500362A5B = {
						CreatedOnToolsVersion = 6.0;
					};
					17422A2319A571C500362A5B = {
						CreatedOnToolsVersion = 6.0;
						TestTargetID = 17422A0C19A571C500362A5B;
					};
				};
			};
			buildConfigurationList = 17422A0819A571C500362A5B /* Build configuration list for PBXProject "VODDOG IOS APP" */;
			compatibilityVersion = "Xcode 3.2";
			developmentRegion = English;
			hasScannedForEncodings = 0;
			knownRegions = (
				en,
				Base,
			);
			mainGroup = 17422A0419A571C500362A5B;
			productRefGroup = 17422A0E19A571C500362A5B /* Products */;
			projectDirPath = "";
			projectRoot = "";
			targets = (
				17422A0C19A571C500362A5B /* VODDOG IOS APP */,
				17422A2319A571C500362A5B /* VODDOG IOS APPTests */,
			);
		};
/* End PBXProject section */

/* Begin PBXResourcesBuildPhase section */
		17422A0B19A571C500362A5B /* Resources */ = {
			isa = PBXResourcesBuildPhase;
			buildActionMask = 2147483647;
			files = (
				17422A1D19A571C500362A5B /* Main.storyboard in Resources */,
				17422A1F19A571C500362A5B /* Images.xcassets in Resources */,
			);
			runOnlyForDeploymentPostprocessing = 0;
		};
		17422A2219A571C500362A5B /* Resources */ = {
			isa = PBXResourcesBuildPhase;
			buildActionMask = 2147483647;
			files = (
			);
			runOnlyForDeploymentPostprocessing = 0;
		};
/* End PBXResourcesBuildPhase section */

/* Begin PBXSourcesBuildPhase section */
		17422A0919A571C500362A5B /* Sources */ = {
			isa = PBXSourcesBuildPhase;
			buildActionMask = 2147483647;
			files = (
				17422A1619A571C500362A5B /* VODDOG_IOS_APP.xcdatamodeld in Sources */,
				17422A1319A571C500362A5B /* AppDelegate.swift in Sources */,
				17422A1819A571C500362A5B /* MasterViewController.swift in Sources */,
				17422A1A19A571C500362A5B /* DetailViewController.swift in Sources */,
			);
			runOnlyForDeploymentPostprocessing = 0;
		};
		17422A2019A571C500362A5B /* Sources */ = {
			isa = PBXSourcesBuildPhase;
			buildActionMask = 2147483647;
			files = (
				17422A2B19A571C500362A5B /* VODDOG_IOS_APPTests.swift in Sources */,
			);
			runOnlyForDeploymentPostprocessing = 0;
		};
/* End PBXSourcesBuildPhase section */

/* Begin PBXTargetDependency section */
		17422A2619A571C500362A5B /* PBXTargetDependency */ = {
			isa = PBXTargetDependency;
			target = 17422A0C19A571C500362A5B /* VODDOG IOS APP */;
			targetProxy = 17422A2519A571C500362A5B /* PBXContainerItemProxy */;
		};
/* End PBXTargetDependency section */

/* Begin PBXVariantGroup section */
		17422A1B19A571C500362A5B /* Main.storyboard */ = {
			isa = PBXVariantGroup;
			children = (
				17422A1C19A571C500362A5B /* Base */,
			);
			name = Main.storyboard;
			sourceTree = "<group>";
		};
/* End PBXVariantGroup section */

/* Begin XCBuildConfiguration section */
		17422A2C19A571C500362A5B /* Debug */ = {
			isa = XCBuildConfiguration;
			buildSettings = {
				ALWAYS_SEARCH_USER_PATHS = NO;
				CLANG_CXX_LANGUAGE_STANDARD = "gnu++0x";
				CLANG_CXX_LIBRARY = "libc++";
				CLANG_ENABLE_MODULES = YES;
				CLANG_ENABLE_OBJC_ARC = YES;
				CLANG_WARN_BOOL_CONVERSION = YES;
				CLANG_WARN_CONSTANT_CONVERSION = YES;
				CLANG_WARN_DIRECT_OBJC_ISA_USAGE = YES_ERROR;
				CLANG_WARN_EMPTY_BODY = YES;
				CLANG_WARN_ENUM_CONVERSION = YES;
				CLANG_WARN_INT_CONVERSION = YES;
				CLANG_WARN_OBJC_ROOT_CLASS = YES_ERROR;
				CLANG_WARN_UNREACHABLE_CODE = YES;
				CLANG_WARN__DUPLICATE_METHOD_MATCH = YES;
				"CODE_SIGN_IDENTITY[sdk=iphoneos*]" = "iPhone Developer";
				COPY_PHASE_STRIP = NO;
				ENABLE_STRICT_OBJC_MSGSEND = YES;
				GCC_C_LANGUAGE_STANDARD = gnu99;
				GCC_DYNAMIC_NO_PIC = NO;
				GCC_OPTIMIZATION_LEVEL = 0;
				GCC_PREPROCESSOR_DEFINITIONS = (
					"DEBUG=1",
					"$(inherited)",
				);
				GCC_SYMBOLS_PRIVATE_EXTERN = NO;
				GCC_WARN_64_TO_32_BIT_CONVERSION = YES;
				GCC_WARN_ABOUT_RETURN_TYPE = YES_ERROR;
				GCC_WARN_UNDECLARED_SELECTOR = YES;
				GCC_WARN_UNINITIALIZED_AUTOS = YES_AGGRESSIVE;
				GCC_WARN_UNUSED_FUNCTION = YES;
				GCC_WARN_UNUSED_VARIABLE = YES;
				IPHONEOS_DEPLOYMENT_TARGET = 8.0;
				MTL_ENABLE_DEBUG_INFO = YES;
				ONLY_ACTIVE_ARCH = YES;
				SDKROOT = iphoneos;
				SWIFT_OPTIMIZATION_LEVEL = "-Onone";
				TARGETED_DEVICE_FAMILY = "1,2";
			};
			name = Debug;
		};
		17422A2D19A571C500362A5B /* Release */ = {
			isa = XCBuildConfiguration;
			buildSettings = {
				ALWAYS_SEARCH_USER_PATHS = NO;
				CLANG_CXX_LANGUAGE_STANDARD = "gnu++0x";
				CLANG_CXX_LIBRARY = "libc++";
				CLANG_ENABLE_MODULES = YES;
				CLANG_ENABLE_OBJC_ARC = YES;
				CLANG_WARN_BOOL_CONVERSION = YES;
				CLANG_WARN_CONSTANT_CONVERSION = YES;
				CLANG_WARN_DIRECT_OBJC_ISA_USAGE = YES_ERROR;
				CLANG_WARN_EMPTY_BODY = YES;
				CLANG_WARN_ENUM_CONVERSION = YES;
				CLANG_WARN_INT_CONVERSION = YES;
				CLANG_WARN_OBJC_ROOT_CLASS = YES_ERROR;
				CLANG_WARN_UNREACHABLE_CODE = YES;
				CLANG_WARN__DUPLICATE_METHOD_MATCH = YES;
				"CODE_SIGN_IDENTITY[sdk=iphoneos*]" = "iPhone Developer";
				COPY_PHASE_STRIP = YES;
				ENABLE_NS_ASSERTIONS = NO;
				ENABLE_STRICT_OBJC_MSGSEND = YES;
				GCC_C_LANGUAGE_STANDARD = gnu99;
				GCC_WARN_64_TO_32_BIT_CONVERSION = YES;
				GCC_WARN_ABOUT_RETURN_TYPE = YES_ERROR;
				GCC_WARN_UNDECLARED_SELECTOR = YES;
				GCC_WARN_UNINITIALIZED_AUTOS = YES_AGGRESSIVE;
				GCC_WARN_UNUSED_FUNCTION = YES;
				GCC_WARN_UNUSED_VARIABLE = YES;
				IPHONEOS_DEPLOYMENT_TARGET = 8.0;
				MTL_ENABLE_DEBUG_INFO = NO;
				SDKROOT = iphoneos;
				TARGETED_DEVICE_FAMILY = "1,2";
				VALIDATE_PRODUCT = YES;
			};
			name = Release;
		};
		17422A2F19A571C500362A5B /* Debug */ = {
			isa = XCBuildConfiguration;
			buildSettings = {
				ASSETCATALOG_COMPILER_APPICON_NAME = AppIcon;
				ASSETCATALOG_COMPILER_LAUNCHIMAGE_NAME = LaunchImage;
				INFOPLIST_FILE = "VODDOG IOS APP/Info.plist";
				LD_RUNPATH_SEARCH_PATHS = "$(inherited) @executable_path/Frameworks";
				PRODUCT_NAME = "$(TARGET_NAME)";
			};
			name = Debug;
		};
		17422A3019A571C500362A5B /* Release */ = {
			isa = XCBuildConfiguration;
			buildSettings = {
				ASSETCATALOG_COMPILER_APPICON_NAME = AppIcon;
				ASSETCATALOG_COMPILER_LAUNCHIMAGE_NAME = LaunchImage;
				INFOPLIST_FILE = "VODDOG IOS APP/Info.plist";
				LD_RUNPATH_SEARCH_PATHS = "$(inherited) @executable_path/Frameworks";
				PRODUCT_NAME = "$(TARGET_NAME)";
			};
			name = Release;
		};
		17422A3219A571C500362A5B /* Debug */ = {
			isa = XCBuildConfiguration;
			buildSettings = {
				BUNDLE_LOADER = "$(TEST_HOST)";
				FRAMEWORK_SEARCH_PATHS = (
					"$(SDKROOT)/Developer/Library/Frameworks",
					"$(inherited)",
				);
				GCC_PREPROCESSOR_DEFINITIONS = (
					"DEBUG=1",
					"$(inherited)",
				);
				INFOPLIST_FILE = "VODDOG IOS APPTests/Info.plist";
				LD_RUNPATH_SEARCH_PATHS = "$(inherited) @executable_path/Frameworks @loader_path/Frameworks";
				PRODUCT_NAME = "$(TARGET_NAME)";
				TEST_HOST = "$(BUILT_PRODUCTS_DIR)/VODDOG IOS APP.app/VODDOG IOS APP";
			};
			name = Debug;
		};
		17422A3319A571C500362A5B /* Release */ = {
			isa = XCBuildConfiguration;
			buildSettings = {
				BUNDLE_LOADER = "$(TEST_HOST)";
				FRAMEWORK_SEARCH_PATHS = (
					"$(SDKROOT)/Developer/Library/Frameworks",
					"$(inherited)",
				);
				INFOPLIST_FILE = "VODDOG IOS APPTests/Info.plist";
				LD_RUNPATH_SEARCH_PATHS = "$(inherited) @executable_path/Frameworks @loader_path/Frameworks";
				PRODUCT_NAME = "$(TARGET_NAME)";
				TEST_HOST = "$(BUILT_PRODUCTS_DIR)/VODDOG IOS APP.app/VODDOG IOS APP";
			};
			name = Release;
		};
/* End XCBuildConfiguration section */

/* Begin XCConfigurationList section */
		17422A0819A571C500362A5B /* Build configuration list for PBXProject "VODDOG IOS APP" */ = {
			isa = XCConfigurationList;
			buildConfigurations = (
				17422A2C19A571C500362A5B /* Debug */,
				17422A2D19A571C500362A5B /* Release */,
			);
			defaultConfigurationIsVisible = 0;
			defaultConfigurationName = Release;
		};
		17422A2E19A571C500362A5B /* Build configuration list for PBXNativeTarget "VODDOG IOS APP" */ = {
			isa = XCConfigurationList;
			buildConfigurations = (
				17422A2F19A571C500362A5B /* Debug */,
				17422A3019A571C500362A5B /* Release */,
			);
			defaultConfigurationIsVisible = 0;
		};
		17422A3119A571C500362A5B /* Build configuration list for PBXNativeTarget "VODDOG IOS APPTests" */ = {
			isa = XCConfigurationList;
			buildConfigurations = (
				17422A3219A571C500362A5B /* Debug */,
				17422A3319A571C500362A5B /* Release */,
			);
			defaultConfigurationIsVisible = 0;
		};
/* End XCConfigurationList section */

/* Begin XCVersionGroup section */
		17422A1419A571C500362A5B /* VODDOG_IOS_APP.xcdatamodeld */ = {
			isa = XCVersionGroup;
			children = (
				17422A1519A571C500362A5B /* VODDOG_IOS_APP.xcdatamodel */,
			);
			currentVersion = 17422A1519A571C500362A5B /* VODDOG_IOS_APP.xcdatamodel */;
			path = VODDOG_IOS_APP.xcdatamodeld;
			sourceTree = "<group>";
			versionGroupType = wrapper.xcdatamodel;
		};
/* End XCVersionGroup section */
	};
	rootObject = 17422A0519A571C500362A5B /* Project object */;
}
